
Microsoft Visual Studio Solution File, Format Version 12.00
# Visual Studio Version 17
VisualStudioVersion = 17.9.34728.123
MinimumVisualStudioVersion = 10.0.40219.1
Project("{2150E333-8FDC-42A3-9474-1A3956D46DE8}") = "LaiseEsteticaService", "LaiseEsteticaService", "{1F10037E-673B-496D-8FE9-F0B557C264B2}"
EndProject
Project("{2150E333-8FDC-42A3-9474-1A3956D46DE8}") = "Core", "Core", "{3A2D725E-D5DC-4551-95D6-C1690922E05E}"
EndProject
Project("{2150E333-8FDC-42A3-9474-1A3956D46DE8}") = "Adapters", "Adapters", "{A8D1E785-B53B-4704-9E9A-CBBD52D08ADE}"
EndProject
Project("{2150E333-8FDC-42A3-9474-1A3956D46DE8}") = "Consumers", "Consumers", "{09D05064-AE9F-4047-99D4-02739476967B}"
EndProject
Project("{2150E333-8FDC-42A3-9474-1A3956D46DE8}") = "Tests", "Tests", "{4F5D5785-65C6-4B9E-A149-D8E92BA12744}"
EndProject
Project("{2150E333-8FDC-42A3-9474-1A3956D46DE8}") = "Application", "Application", "{23CA0EAB-D378-440F-97F2-0055E30C49D9}"
EndProject
Project("{2150E333-8FDC-42A3-9474-1A3956D46DE8}") = "Domain", "Domain", "{CF981680-FBD1-4696-88F6-9AE76EC38F10}"
EndProject
Project("{FAE04EC0-301F-11D3-BF4B-00C04F79EFBC}") = "LaiseEstetica", "LaiseEsteticaService\Consumers\LaiseEstetica\LaiseEstetica.csproj", "{C77A7161-4C4A-4988-9A35-4F626D0FB9C5}"
	ProjectSection(ProjectDependencies) = postProject
		{18643AB7-7C75-4529-9298-14731AC31A8E} = {18643AB7-7C75-4529-9298-14731AC31A8E}
		{EBAE2AB4-3766-4E7E-8086-00EAC7960215} = {EBAE2AB4-3766-4E7E-8086-00EAC7960215}
	EndProjectSection
EndProject
Project("{FAE04EC0-301F-11D3-BF4B-00C04F79EFBC}") = "Data", "LaiseEsteticaService\Adapters\Data\Data.csproj", "{EBAE2AB4-3766-4E7E-8086-00EAC7960215}"
	ProjectSection(ProjectDependencies) = postProject
		{3357571C-3163-49B7-BF44-D9258059EED2} = {3357571C-3163-49B7-BF44-D9258059EED2}
	EndProjectSection
EndProject
Project("{FAE04EC0-301F-11D3-BF4B-00C04F79EFBC}") = "Application", "LaiseEsteticaService\Core\Application\Application\Application.csproj", "{18643AB7-7C75-4529-9298-14731AC31A8E}"
	ProjectSection(ProjectDependencies) = postProject
		{3357571C-3163-49B7-BF44-D9258059EED2} = {3357571C-3163-49B7-BF44-D9258059EED2}
	EndProjectSection
EndProject
Project("{FAE04EC0-301F-11D3-BF4B-00C04F79EFBC}") = "Domain", "LaiseEsteticaService\Core\Domain\Domain\Domain.csproj", "{3357571C-3163-49B7-BF44-D9258059EED2}"
EndProject
Project("{2150E333-8FDC-42A3-9474-1A3956D46DE8}") = "Application", "Application", "{CB954E5D-8958-4DFE-9137-3B14DBFABE1D}"
EndProject
Project("{2150E333-8FDC-42A3-9474-1A3956D46DE8}") = "Adapters", "Adapters", "{FC9C092D-E708-4489-8CBD-A20EE839467A}"
EndProject
Project("{2150E333-8FDC-42A3-9474-1A3956D46DE8}") = "Domain", "Domain", "{F794B64F-D1F7-4D4B-81B8-C04F128D91D5}"
EndProject
Project("{FAE04EC0-301F-11D3-BF4B-00C04F79EFBC}") = "AdaptersTests", "LaiseEsteticaService\Adapters\AdaptersTests\AdaptersTests.csproj", "{FF59D981-FCF8-4529-8D49-90938EB7D2E2}"
EndProject
Project("{FAE04EC0-301F-11D3-BF4B-00C04F79EFBC}") = "ApplicationTests", "LaiseEsteticaService\Tests\Application\ApplicationTests\ApplicationTests.csproj", "{C7588D07-169C-4278-926F-5341B8FCFF42}"
EndProject
Project("{FAE04EC0-301F-11D3-BF4B-00C04F79EFBC}") = "DomainTests", "LaiseEsteticaService\Tests\Domain\DomainTests\DomainTests.csproj", "{8BA8C052-3C76-4623-8F9C-3EB2E7E8FEC7}"
EndProject
Global
	GlobalSection(SolutionConfigurationPlatforms) = preSolution
		Debug|Any CPU = Debug|Any CPU
		Release|Any CPU = Release|Any CPU
	EndGlobalSection
	GlobalSection(ProjectConfigurationPlatforms) = postSolution
		{C77A7161-4C4A-4988-9A35-4F626D0FB9C5}.Debug|Any CPU.ActiveCfg = Debug|Any CPU
		{C77A7161-4C4A-4988-9A35-4F626D0FB9C5}.Debug|Any CPU.Build.0 = Debug|Any CPU
		{C77A7161-4C4A-4988-9A35-4F626D0FB9C5}.Release|Any CPU.ActiveCfg = Release|Any CPU
		{C77A7161-4C4A-4988-9A35-4F626D0FB9C5}.Release|Any CPU.Build.0 = Release|Any CPU
		{EBAE2AB4-3766-4E7E-8086-00EAC7960215}.Debug|Any CPU.ActiveCfg = Debug|Any CPU
		{EBAE2AB4-3766-4E7E-8086-00EAC7960215}.Debug|Any CPU.Build.0 = Debug|Any CPU
		{EBAE2AB4-3766-4E7E-8086-00EAC7960215}.Release|Any CPU.ActiveCfg = Release|Any CPU
		{EBAE2AB4-3766-4E7E-8086-00EAC7960215}.Release|Any CPU.Build.0 = Release|Any CPU
		{18643AB7-7C75-4529-9298-14731AC31A8E}.Debug|Any CPU.ActiveCfg = Debug|Any CPU
		{18643AB7-7C75-4529-9298-14731AC31A8E}.Debug|Any CPU.Build.0 = Debug|Any CPU
		{18643AB7-7C75-4529-9298-14731AC31A8E}.Release|Any CPU.ActiveCfg = Release|Any CPU
		{18643AB7-7C75-4529-9298-14731AC31A8E}.Release|Any CPU.Build.0 = Release|Any CPU
		{3357571C-3163-49B7-BF44-D9258059EED2}.Debug|Any CPU.ActiveCfg = Debug|Any CPU
		{3357571C-3163-49B7-BF44-D9258059EED2}.Debug|Any CPU.Build.0 = Debug|Any CPU
		{3357571C-3163-49B7-BF44-D9258059EED2}.Release|Any CPU.ActiveCfg = Release|Any CPU
		{3357571C-3163-49B7-BF44-D9258059EED2}.Release|Any CPU.Build.0 = Release|Any CPU
		{FF59D981-FCF8-4529-8D49-90938EB7D2E2}.Debug|Any CPU.ActiveCfg = Debug|Any CPU
		{FF59D981-FCF8-4529-8D49-90938EB7D2E2}.Debug|Any CPU.Build.0 = Debug|Any CPU
		{FF59D981-FCF8-4529-8D49-90938EB7D2E2}.Release|Any CPU.ActiveCfg = Release|Any CPU
		{FF59D981-FCF8-4529-8D49-90938EB7D2E2}.Release|Any CPU.Build.0 = Release|Any CPU
		{C7588D07-169C-4278-926F-5341B8FCFF42}.Debug|Any CPU.ActiveCfg = Debug|Any CPU
		{C7588D07-169C-4278-926F-5341B8FCFF42}.Debug|Any CPU.Build.0 = Debug|Any CPU
		{C7588D07-169C-4278-926F-5341B8FCFF42}.Release|Any CPU.ActiveCfg = Release|Any CPU
		{C7588D07-169C-4278-926F-5341B8FCFF42}.Release|Any CPU.Build.0 = Release|Any CPU
		{8BA8C052-3C76-4623-8F9C-3EB2E7E8FEC7}.Debug|Any CPU.ActiveCfg = Debug|Any CPU
		{8BA8C052-3C76-4623-8F9C-3EB2E7E8FEC7}.Debug|Any CPU.Build.0 = Debug|Any CPU
		{8BA8C052-3C76-4623-8F9C-3EB2E7E8FEC7}.Release|Any CPU.ActiveCfg = Release|Any CPU
		{8BA8C052-3C76-4623-8F9C-3EB2E7E8FEC7}.Release|Any CPU.Build.0 = Release|Any CPU
	EndGlobalSection
	GlobalSection(SolutionProperties) = preSolution
		HideSolutionNode = FALSE
	EndGlobalSection
	GlobalSection(NestedProjects) = preSolution
		{3A2D725E-D5DC-4551-95D6-C1690922E05E} = {1F10037E-673B-496D-8FE9-F0B557C264B2}
		{A8D1E785-B53B-4704-9E9A-CBBD52D08ADE} = {1F10037E-673B-496D-8FE9-F0B557C264B2}
		{09D05064-AE9F-4047-99D4-02739476967B} = {1F10037E-673B-496D-8FE9-F0B557C264B2}
		{4F5D5785-65C6-4B9E-A149-D8E92BA12744} = {1F10037E-673B-496D-8FE9-F0B557C264B2}
		{23CA0EAB-D378-440F-97F2-0055E30C49D9} = {3A2D725E-D5DC-4551-95D6-C1690922E05E}
		{CF981680-FBD1-4696-88F6-9AE76EC38F10} = {3A2D725E-D5DC-4551-95D6-C1690922E05E}
		{C77A7161-4C4A-4988-9A35-4F626D0FB9C5} = {09D05064-AE9F-4047-99D4-02739476967B}
		{EBAE2AB4-3766-4E7E-8086-00EAC7960215} = {A8D1E785-B53B-4704-9E9A-CBBD52D08ADE}
		{18643AB7-7C75-4529-9298-14731AC31A8E} = {23CA0EAB-D378-440F-97F2-0055E30C49D9}
		{3357571C-3163-49B7-BF44-D9258059EED2} = {CF981680-FBD1-4696-88F6-9AE76EC38F10}
		{CB954E5D-8958-4DFE-9137-3B14DBFABE1D} = {4F5D5785-65C6-4B9E-A149-D8E92BA12744}
		{FC9C092D-E708-4489-8CBD-A20EE839467A} = {4F5D5785-65C6-4B9E-A149-D8E92BA12744}
		{F794B64F-D1F7-4D4B-81B8-C04F128D91D5} = {4F5D5785-65C6-4B9E-A149-D8E92BA12744}
		{FF59D981-FCF8-4529-8D49-90938EB7D2E2} = {FC9C092D-E708-4489-8CBD-A20EE839467A}
		{C7588D07-169C-4278-926F-5341B8FCFF42} = {CB954E5D-8958-4DFE-9137-3B14DBFABE1D}
		{8BA8C052-3C76-4623-8F9C-3EB2E7E8FEC7} = {F794B64F-D1F7-4D4B-81B8-C04F128D91D5}
	EndGlobalSection
	GlobalSection(ExtensibilityGlobals) = postSolution
		SolutionGuid = {27499F8B-FF47-4400-8413-CC6DA294D023}
	EndGlobalSection
EndGlobal
